
Microsoft Visual Studio Solution File, Format Version 12.00
# Visual Studio Version 16
VisualStudioVersion = 25.0.1700.6
MinimumVisualStudioVersion = 10.0.40219.1
Project("{FAE04EC0-301F-11D3-BF4B-00C04F79EFBC}") = "api-desafio21dias", "api-desafio21dias.csproj", "{854D3603-23E1-4316-9A39-2F5F273B5F27}"
EndProject
Global
	GlobalSection(SolutionConfigurationPlatforms) = preSolution
		Debug|Any CPU = Debug|Any CPU
		Release|Any CPU = Release|Any CPU
	EndGlobalSection
	GlobalSection(ProjectConfigurationPlatforms) = postSolution
		{854D3603-23E1-4316-9A39-2F5F273B5F27}.Debug|Any CPU.ActiveCfg = Debug|Any CPU
		{854D3603-23E1-4316-9A39-2F5F273B5F27}.Debug|Any CPU.Build.0 = Debug|Any CPU
		{854D3603-23E1-4316-9A39-2F5F273B5F27}.Release|Any CPU.ActiveCfg = Release|Any CPU
		{854D3603-23E1-4316-9A39-2F5F273B5F27}.Release|Any CPU.Build.0 = Release|Any CPU
	EndGlobalSection
	GlobalSection(SolutionProperties) = preSolution
		HideSolutionNode = FALSE
	EndGlobalSection
	GlobalSection(ExtensibilityGlobals) = postSolution
		SolutionGuid = {F325FD26-BA11-4834-99D2-5FDA76A0A350}
	EndGlobalSection
EndGlobal
